
Microsoft Visual Studio Solution File, Format Version 12.00
# Visual Studio 16
Project("{FAE04EC0-301F-11D3-BF4B-00C04F79EFBC}") = "Assembly-CSharp", "Assembly-CSharp.csproj", "{57384FD9-7108-01F4-A708-D8D930626349}"
EndProject
Project("{FAE04EC0-301F-11D3-BF4B-00C04F79EFBC}") = "Assembly-CSharp-Editor", "Assembly-CSharp-Editor.csproj", "{EDC30E14-978E-7822-08BB-A486F2B0F959}"
EndProject
Global
	GlobalSection(SolutionConfigurationPlatforms) = preSolution
		Debug|Any CPU = Debug|Any CPU
		Release|Any CPU = Release|Any CPU
	EndGlobalSection
	GlobalSection(ProjectConfigurationPlatforms) = postSolution
		{57384FD9-7108-01F4-A708-D8D930626349}.Debug|Any CPU.ActiveCfg = Debug|Any CPU
		{57384FD9-7108-01F4-A708-D8D930626349}.Debug|Any CPU.Build.0 = Debug|Any CPU
		{57384FD9-7108-01F4-A708-D8D930626349}.Release|Any CPU.ActiveCfg = Release|Any CPU
		{57384FD9-7108-01F4-A708-D8D930626349}.Release|Any CPU.Build.0 = Release|Any CPU
		{EDC30E14-978E-7822-08BB-A486F2B0F959}.Debug|Any CPU.ActiveCfg = Debug|Any CPU
		{EDC30E14-978E-7822-08BB-A486F2B0F959}.Debug|Any CPU.Build.0 = Debug|Any CPU
		{EDC30E14-978E-7822-08BB-A486F2B0F959}.Release|Any CPU.ActiveCfg = Release|Any CPU
		{EDC30E14-978E-7822-08BB-A486F2B0F959}.Release|Any CPU.Build.0 = Release|Any CPU
	EndGlobalSection
	GlobalSection(SolutionProperties) = preSolution
		HideSolutionNode = FALSE
	EndGlobalSection
EndGlobal
